
Microsoft Visual Studio Solution File, Format Version 12.00
Project("{FAE04EC0-301F-11D3-BF4B-00C04F79EFBC}") = "DDDWebApi.Presentation", "DDDWebApi.Presentation\DDDWebApi.Presentation.csproj", "{D97ED079-85DB-4D4B-8BCD-3255CC8D5D39}"
EndProject
Project("{2150E333-8FDC-42A3-9474-1A3956D46DE8}") = "1.0 - Presentation", "1.0 - Presentation", "{9255DC53-30CA-4CB3-BCEE-014C2BAC3D3C}"
EndProject
Project("{2150E333-8FDC-42A3-9474-1A3956D46DE8}") = "2.0 - Application", "2.0 - Application", "{E863E9CA-2164-4051-98BB-9256B4A4EA18}"
EndProject
Project("{2150E333-8FDC-42A3-9474-1A3956D46DE8}") = "3.0 - Domain", "3.0 - Domain", "{3A7ABFC2-E050-499B-865B-B6D991912A32}"
EndProject
Project("{2150E333-8FDC-42A3-9474-1A3956D46DE8}") = "4.0 - Infrastructure", "4.0 - Infrastructure", "{4600BB14-72E1-43A1-93FA-3605D87763CA}"
EndProject
Project("{FAE04EC0-301F-11D3-BF4B-00C04F79EFBC}") = "DDDWebAPI.Domain", "DDDWebAPI.Domain\DDDWebAPI.Domain.csproj", "{8DDDB56C-07EA-4958-A713-E2069CCB64B7}"
EndProject
Project("{FAE04EC0-301F-11D3-BF4B-00C04F79EFBC}") = "DDDWebAPI.Domain.Core", "DDDWebAPI.Domain.Core\DDDWebAPI.Domain.Core.csproj", "{2431A426-96A6-478A-B09A-EEF9CB306255}"
EndProject
Project("{FAE04EC0-301F-11D3-BF4B-00C04F79EFBC}") = "DDDWebAPI.Domain.Services", "DDDWebAPI.Domain.Services\DDDWebAPI.Domain.Services.csproj", "{51FE7F85-BBD6-47CD-B871-C56A9CEF7F9F}"
EndProject
Project("{FAE04EC0-301F-11D3-BF4B-00C04F79EFBC}") = "DDDWebAPI.Application", "DDDWebAPI.Application\DDDWebAPI.Application.csproj", "{1634D487-5816-4A7D-986C-ECC5D20656A7}"
EndProject
Project("{FAE04EC0-301F-11D3-BF4B-00C04F79EFBC}") = "DDDWebAPI.Application.DTO", "DDDWebAPI.Application.DTO\DDDWebAPI.Application.DTO.csproj", "{646B0886-7A3D-4FEE-BE1E-99CFD429F701}"
EndProject
Project("{FAE04EC0-301F-11D3-BF4B-00C04F79EFBC}") = "DDDWebAPI.Infrastructure.Data", "DDDWebAPI.Infrastructure.Data\DDDWebAPI.Infrastructure.Data.csproj", "{24ABA679-6B8E-4254-AC07-6879EF272EB0}"
EndProject
Project("{2150E333-8FDC-42A3-9474-1A3956D46DE8}") = "4.1 - Data", "4.1 - Data", "{F80E0D3B-2E16-40BA-847E-45784EFB3AAF}"
EndProject
Project("{FAE04EC0-301F-11D3-BF4B-00C04F79EFBC}") = "DDDWebAPI.Infrastructure.Repository", "DDDWebAPI.Infrastructure.Repository\DDDWebAPI.Infrastructure.Repository.csproj", "{02853710-D41B-4A1D-80B1-573E483BC7DA}"
EndProject
Project("{2150E333-8FDC-42A3-9474-1A3956D46DE8}") = "4.2 - CrossCutting", "4.2 - CrossCutting", "{56260944-7B0D-4264-94F9-0FE73DC4502A}"
EndProject
Project("{FAE04EC0-301F-11D3-BF4B-00C04F79EFBC}") = "DDDWebAPI.Infrastructure.CrossCutting.Adapter", "DDDWebAPI.Infrastructure.CrossCutting.Adapter\DDDWebAPI.Infrastructure.CrossCutting.Adapter.csproj", "{733B05E6-C86A-420D-9331-BFEDCA2BEA55}"
EndProject
Project("{FAE04EC0-301F-11D3-BF4B-00C04F79EFBC}") = "DDDWebAPI.Infrastruture.CrossCutting.IOC", "DDDWebAPI.Infrastruture.CrossCutting.IOC\DDDWebAPI.Infrastruture.CrossCutting.IOC.csproj", "{E66232B8-AE30-4730-806B-86AA9F9B926E}"
EndProject
Global
	GlobalSection(SolutionConfigurationPlatforms) = preSolution
		Debug|Any CPU = Debug|Any CPU
		Release|Any CPU = Release|Any CPU
	EndGlobalSection
	GlobalSection(ProjectConfigurationPlatforms) = postSolution
		{D97ED079-85DB-4D4B-8BCD-3255CC8D5D39}.Debug|Any CPU.ActiveCfg = Debug|Any CPU
		{D97ED079-85DB-4D4B-8BCD-3255CC8D5D39}.Debug|Any CPU.Build.0 = Debug|Any CPU
		{D97ED079-85DB-4D4B-8BCD-3255CC8D5D39}.Release|Any CPU.ActiveCfg = Release|Any CPU
		{D97ED079-85DB-4D4B-8BCD-3255CC8D5D39}.Release|Any CPU.Build.0 = Release|Any CPU
		{8DDDB56C-07EA-4958-A713-E2069CCB64B7}.Debug|Any CPU.ActiveCfg = Debug|Any CPU
		{8DDDB56C-07EA-4958-A713-E2069CCB64B7}.Debug|Any CPU.Build.0 = Debug|Any CPU
		{8DDDB56C-07EA-4958-A713-E2069CCB64B7}.Release|Any CPU.ActiveCfg = Release|Any CPU
		{8DDDB56C-07EA-4958-A713-E2069CCB64B7}.Release|Any CPU.Build.0 = Release|Any CPU
		{2431A426-96A6-478A-B09A-EEF9CB306255}.Debug|Any CPU.ActiveCfg = Debug|Any CPU
		{2431A426-96A6-478A-B09A-EEF9CB306255}.Debug|Any CPU.Build.0 = Debug|Any CPU
		{2431A426-96A6-478A-B09A-EEF9CB306255}.Release|Any CPU.ActiveCfg = Release|Any CPU
		{2431A426-96A6-478A-B09A-EEF9CB306255}.Release|Any CPU.Build.0 = Release|Any CPU
		{51FE7F85-BBD6-47CD-B871-C56A9CEF7F9F}.Debug|Any CPU.ActiveCfg = Debug|Any CPU
		{51FE7F85-BBD6-47CD-B871-C56A9CEF7F9F}.Debug|Any CPU.Build.0 = Debug|Any CPU
		{51FE7F85-BBD6-47CD-B871-C56A9CEF7F9F}.Release|Any CPU.ActiveCfg = Release|Any CPU
		{51FE7F85-BBD6-47CD-B871-C56A9CEF7F9F}.Release|Any CPU.Build.0 = Release|Any CPU
		{1634D487-5816-4A7D-986C-ECC5D20656A7}.Debug|Any CPU.ActiveCfg = Debug|Any CPU
		{1634D487-5816-4A7D-986C-ECC5D20656A7}.Debug|Any CPU.Build.0 = Debug|Any CPU
		{1634D487-5816-4A7D-986C-ECC5D20656A7}.Release|Any CPU.ActiveCfg = Release|Any CPU
		{1634D487-5816-4A7D-986C-ECC5D20656A7}.Release|Any CPU.Build.0 = Release|Any CPU
		{646B0886-7A3D-4FEE-BE1E-99CFD429F701}.Debug|Any CPU.ActiveCfg = Debug|Any CPU
		{646B0886-7A3D-4FEE-BE1E-99CFD429F701}.Debug|Any CPU.Build.0 = Debug|Any CPU
		{646B0886-7A3D-4FEE-BE1E-99CFD429F701}.Release|Any CPU.ActiveCfg = Release|Any CPU
		{646B0886-7A3D-4FEE-BE1E-99CFD429F701}.Release|Any CPU.Build.0 = Release|Any CPU
		{24ABA679-6B8E-4254-AC07-6879EF272EB0}.Debug|Any CPU.ActiveCfg = Debug|Any CPU
		{24ABA679-6B8E-4254-AC07-6879EF272EB0}.Debug|Any CPU.Build.0 = Debug|Any CPU
		{24ABA679-6B8E-4254-AC07-6879EF272EB0}.Release|Any CPU.ActiveCfg = Release|Any CPU
		{24ABA679-6B8E-4254-AC07-6879EF272EB0}.Release|Any CPU.Build.0 = Release|Any CPU
		{02853710-D41B-4A1D-80B1-573E483BC7DA}.Debug|Any CPU.ActiveCfg = Debug|Any CPU
		{02853710-D41B-4A1D-80B1-573E483BC7DA}.Debug|Any CPU.Build.0 = Debug|Any CPU
		{02853710-D41B-4A1D-80B1-573E483BC7DA}.Release|Any CPU.ActiveCfg = Release|Any CPU
		{02853710-D41B-4A1D-80B1-573E483BC7DA}.Release|Any CPU.Build.0 = Release|Any CPU
		{733B05E6-C86A-420D-9331-BFEDCA2BEA55}.Debug|Any CPU.ActiveCfg = Debug|Any CPU
		{733B05E6-C86A-420D-9331-BFEDCA2BEA55}.Debug|Any CPU.Build.0 = Debug|Any CPU
		{733B05E6-C86A-420D-9331-BFEDCA2BEA55}.Release|Any CPU.ActiveCfg = Release|Any CPU
		{733B05E6-C86A-420D-9331-BFEDCA2BEA55}.Release|Any CPU.Build.0 = Release|Any CPU
		{E66232B8-AE30-4730-806B-86AA9F9B926E}.Debug|Any CPU.ActiveCfg = Debug|Any CPU
		{E66232B8-AE30-4730-806B-86AA9F9B926E}.Debug|Any CPU.Build.0 = Debug|Any CPU
		{E66232B8-AE30-4730-806B-86AA9F9B926E}.Release|Any CPU.ActiveCfg = Release|Any CPU
		{E66232B8-AE30-4730-806B-86AA9F9B926E}.Release|Any CPU.Build.0 = Release|Any CPU
	EndGlobalSection
	GlobalSection(NestedProjects) = preSolution
		{8DDDB56C-07EA-4958-A713-E2069CCB64B7} = {3A7ABFC2-E050-499B-865B-B6D991912A32}
		{2431A426-96A6-478A-B09A-EEF9CB306255} = {3A7ABFC2-E050-499B-865B-B6D991912A32}
		{51FE7F85-BBD6-47CD-B871-C56A9CEF7F9F} = {3A7ABFC2-E050-499B-865B-B6D991912A32}
		{1634D487-5816-4A7D-986C-ECC5D20656A7} = {E863E9CA-2164-4051-98BB-9256B4A4EA18}
		{646B0886-7A3D-4FEE-BE1E-99CFD429F701} = {E863E9CA-2164-4051-98BB-9256B4A4EA18}
		{F80E0D3B-2E16-40BA-847E-45784EFB3AAF} = {4600BB14-72E1-43A1-93FA-3605D87763CA}
		{24ABA679-6B8E-4254-AC07-6879EF272EB0} = {F80E0D3B-2E16-40BA-847E-45784EFB3AAF}
		{02853710-D41B-4A1D-80B1-573E483BC7DA} = {F80E0D3B-2E16-40BA-847E-45784EFB3AAF}
		{56260944-7B0D-4264-94F9-0FE73DC4502A} = {4600BB14-72E1-43A1-93FA-3605D87763CA}
		{733B05E6-C86A-420D-9331-BFEDCA2BEA55} = {56260944-7B0D-4264-94F9-0FE73DC4502A}
		{E66232B8-AE30-4730-806B-86AA9F9B926E} = {56260944-7B0D-4264-94F9-0FE73DC4502A}
		{D97ED079-85DB-4D4B-8BCD-3255CC8D5D39} = {9255DC53-30CA-4CB3-BCEE-014C2BAC3D3C}
	EndGlobalSection
EndGlobal
